// !$*UTF8*$!
{
	archiveVersion = 1;
	classes = {
	};
	objectVersion = 56;
	objects = {

/* Begin PBXBuildFile section */
		8AFE353A2B962F27008DA949 /* swift_ui_trainingApp.swift in Sources */ = {isa = PBXBuildFile; fileRef = 8AFE35392B962F27008DA949 /* swift_ui_trainingApp.swift */; };
		8AFE353C2B962F27008DA949 /* ContentView.swift in Sources */ = {isa = PBXBuildFile; fileRef = 8AFE353B2B962F27008DA949 /* ContentView.swift */; };
		8AFE353E2B962F29008DA949 /* Assets.xcassets in Resources */ = {isa = PBXBuildFile; fileRef = 8AFE353D2B962F29008DA949 /* Assets.xcassets */; };
		8AFE35412B962F29008DA949 /* Preview Assets.xcassets in Resources */ = {isa = PBXBuildFile; fileRef = 8AFE35402B962F29008DA949 /* Preview Assets.xcassets */; };
		8AFE354B2B962F29008DA949 /* swift_ui_trainingTests.swift in Sources */ = {isa = PBXBuildFile; fileRef = 8AFE354A2B962F29008DA949 /* swift_ui_trainingTests.swift */; };
		8AFE35552B962F29008DA949 /* swift_ui_trainingUITests.swift in Sources */ = {isa = PBXBuildFile; fileRef = 8AFE35542B962F29008DA949 /* swift_ui_trainingUITests.swift */; };
		8AFE35572B962F29008DA949 /* swift_ui_trainingUITestsLaunchTests.swift in Sources */ = {isa = PBXBuildFile; fileRef = 8AFE35562B962F29008DA949 /* swift_ui_trainingUITestsLaunchTests.swift */; };
/* End PBXBuildFile section */

/* Begin PBXContainerItemProxy section */
		8AFE35472B962F29008DA949 /* PBXContainerItemProxy */ = {
			isa = PBXContainerItemProxy;
			containerPortal = 8AFE352E2B962F27008DA949 /* Project object */;
			proxyType = 1;
			remoteGlobalIDString = 8AFE35352B962F27008DA949;
			remoteInfo = "swift-ui-training";
		};
		8AFE35512B962F29008DA949 /* PBXContainerItemProxy */ = {
			isa = PBXContainerItemProxy;
			containerPortal = 8AFE352E2B962F27008DA949 /* Project object */;
			proxyType = 1;
			remoteGlobalIDString = 8AFE35352B962F27008DA949;
			remoteInfo = "swift-ui-training";
		};
/* End PBXContainerItemProxy section */

/* Begin PBXFileReference section */
		8AFE35362B962F27008DA949 /* swift-ui-training.app */ = {isa = PBXFileReference; explicitFileType = wrapper.application; includeInIndex = 0; path = "swift-ui-training.app"; sourceTree = BUILT_PRODUCTS_DIR; };
		8AFE35392B962F27008DA949 /* swift_ui_trainingApp.swift */ = {isa = PBXFileReference; lastKnownFileType = sourcecode.swift; path = swift_ui_trainingApp.swift; sourceTree = "<group>"; };
		8AFE353B2B962F27008DA949 /* ContentView.swift */ = {isa = PBXFileReference; lastKnownFileType = sourcecode.swift; path = ContentView.swift; sourceTree = "<group>"; };
		8AFE353D2B962F29008DA949 /* Assets.xcassets */ = {isa = PBXFileReference; lastKnownFileType = folder.assetcatalog; path = Assets.xcassets; sourceTree = "<group>"; };
		8AFE35402B962F29008DA949 /* Preview Assets.xcassets */ = {isa = PBXFileReference; lastKnownFileType = folder.assetcatalog; path = "Preview Assets.xcassets"; sourceTree = "<group>"; };
		8AFE35462B962F29008DA949 /* swift-ui-trainingTests.xctest */ = {isa = PBXFileReference; explicitFileType = wrapper.cfbundle; includeInIndex = 0; path = "swift-ui-trainingTests.xctest"; sourceTree = BUILT_PRODUCTS_DIR; };
		8AFE354A2B962F29008DA949 /* swift_ui_trainingTests.swift */ = {isa = PBXFileReference; lastKnownFileType = sourcecode.swift; path = swift_ui_trainingTests.swift; sourceTree = "<group>"; };
		8AFE35502B962F29008DA949 /* swift-ui-trainingUITests.xctest */ = {isa = PBXFileReference; explicitFileType = wrapper.cfbundle; includeInIndex = 0; path = "swift-ui-trainingUITests.xctest"; sourceTree = BUILT_PRODUCTS_DIR; };
		8AFE35542B962F29008DA949 /* swift_ui_trainingUITests.swift */ = {isa = PBXFileReference; lastKnownFileType = sourcecode.swift; path = swift_ui_trainingUITests.swift; sourceTree = "<group>"; };
		8AFE35562B962F29008DA949 /* swift_ui_trainingUITestsLaunchTests.swift */ = {isa = PBXFileReference; lastKnownFileType = sourcecode.swift; path = swift_ui_trainingUITestsLaunchTests.swift; sourceTree = "<group>"; };
/* End PBXFileReference section */

/* Begin PBXFrameworksBuildPhase section */
		8AFE35332B962F27008DA949 /* Frameworks */ = {
			isa = PBXFrameworksBuildPhase;
			buildActionMask = 2147483647;
			files = (
			);
			runOnlyForDeploymentPostprocessing = 0;
		};
		8AFE35432B962F29008DA949 /* Frameworks */ = {
			isa = PBXFrameworksBuildPhase;
			buildActionMask = 2147483647;
			files = (
			);
			runOnlyForDeploymentPostprocessing = 0;
		};
		8AFE354D2B962F29008DA949 /* Frameworks */ = {
			isa = PBXFrameworksBuildPhase;
			buildActionMask = 2147483647;
			files = (
			);
			runOnlyForDeploymentPostprocessing = 0;
		};
/* End PBXFrameworksBuildPhase section */

/* Begin PBXGroup section */
		8AFE352D2B962F27008DA949 = {
			isa = PBXGroup;
			children = (
				8AFE35382B962F27008DA949 /* swift-ui-training */,
				8AFE35492B962F29008DA949 /* swift-ui-trainingTests */,
				8AFE35532B962F29008DA949 /* swift-ui-trainingUITests */,
				8AFE35372B962F27008DA949 /* Products */,
			);
			sourceTree = "<group>";
		};
		8AFE35372B962F27008DA949 /* Products */ = {
			isa = PBXGroup;
			children = (
				8AFE35362B962F27008DA949 /* swift-ui-training.app */,
				8AFE35462B962F29008DA949 /* swift-ui-trainingTests.xctest */,
				8AFE35502B962F29008DA949 /* swift-ui-trainingUITests.xctest */,
			);
			name = Products;
			sourceTree = "<group>";
		};
		8AFE35382B962F27008DA949 /* swift-ui-training */ = {
			isa = PBXGroup;
			children = (
				8AFE35392B962F27008DA949 /* swift_ui_trainingApp.swift */,
				8AFE353B2B962F27008DA949 /* ContentView.swift */,
				8AFE353D2B962F29008DA949 /* Assets.xcassets */,
				8AFE353F2B962F29008DA949 /* Preview Content */,
			);
			path = "swift-ui-training";
			sourceTree = "<group>";
		};
		8AFE353F2B962F29008DA949 /* Preview Content */ = {
			isa = PBXGroup;
			children = (
				8AFE35402B962F29008DA949 /* Preview Assets.xcassets */,
			);
			path = "Preview Content";
			sourceTree = "<group>";
		};
		8AFE35492B962F29008DA949 /* swift-ui-trainingTests */ = {
			isa = PBXGroup;
			children = (
				8AFE354A2B962F29008DA949 /* swift_ui_trainingTests.swift */,
			);
			path = "swift-ui-trainingTests";
			sourceTree = "<group>";
		};
		8AFE35532B962F29008DA949 /* swift-ui-trainingUITests */ = {
			isa = PBXGroup;
			children = (
				8AFE35542B962F29008DA949 /* swift_ui_trainingUITests.swift */,
				8AFE35562B962F29008DA949 /* swift_ui_trainingUITestsLaunchTests.swift */,
			);
			path = "swift-ui-trainingUITests";
			sourceTree = "<group>";
		};
/* End PBXGroup section */

/* Begin PBXNativeTarget section */
		8AFE35352B962F27008DA949 /* swift-ui-training */ = {
			isa = PBXNativeTarget;
			buildConfigurationList = 8AFE355A2B962F29008DA949 /* Build configuration list for PBXNativeTarget "swift-ui-training" */;
			buildPhases = (
				8AFE35322B962F27008DA949 /* Sources */,
				8AFE35332B962F27008DA949 /* Frameworks */,
				8AFE35342B962F27008DA949 /* Resources */,
			);
			buildRules = (
			);
			dependencies = (
			);
			name = "swift-ui-training";
			productName = "swift-ui-training";
			productReference = 8AFE35362B962F27008DA949 /* swift-ui-training.app */;
			productType = "com.apple.product-type.application";
		};
		8AFE35452B962F29008DA949 /* swift-ui-trainingTests */ = {
			isa = PBXNativeTarget;
			buildConfigurationList = 8AFE355D2B962F29008DA949 /* Build configuration list for PBXNativeTarget "swift-ui-trainingTests" */;
			buildPhases = (
				8AFE35422B962F29008DA949 /* Sources */,
				8AFE35432B962F29008DA949 /* Frameworks */,
				8AFE35442B962F29008DA949 /* Resources */,
			);
			buildRules = (
			);
			dependencies = (
				8AFE35482B962F29008DA949 /* PBXTargetDependency */,
			);
			name = "swift-ui-trainingTests";
			productName = "swift-ui-trainingTests";
			productReference = 8AFE35462B962F29008DA949 /* swift-ui-trainingTests.xctest */;
			productType = "com.apple.product-type.bundle.unit-test";
		};
		8AFE354F2B962F29008DA949 /* swift-ui-trainingUITests */ = {
			isa = PBXNativeTarget;
			buildConfigurationList = 8AFE35602B962F29008DA949 /* Build configuration list for PBXNativeTarget "swift-ui-trainingUITests" */;
			buildPhases = (
				8AFE354C2B962F29008DA949 /* Sources */,
				8AFE354D2B962F29008DA949 /* Frameworks */,
				8AFE354E2B962F29008DA949 /* Resources */,
			);
			buildRules = (
			);
			dependencies = (
				8AFE35522B962F29008DA949 /* PBXTargetDependency */,
			);
			name = "swift-ui-trainingUITests";
			productName = "swift-ui-trainingUITests";
			productReference = 8AFE35502B962F29008DA949 /* swift-ui-trainingUITests.xctest */;
			productType = "com.apple.product-type.bundle.ui-testing";
		};
/* End PBXNativeTarget section */

/* Begin PBXProject section */
		8AFE352E2B962F27008DA949 /* Project object */ = {
			isa = PBXProject;
			attributes = {
				BuildIndependentTargetsInParallel = 1;
				LastSwiftUpdateCheck = 1520;
				LastUpgradeCheck = 1520;
				TargetAttributes = {
					8AFE35352B962F27008DA949 = {
						CreatedOnToolsVersion = 15.2;
					};
					8AFE35452B962F29008DA949 = {
						CreatedOnToolsVersion = 15.2;
						TestTargetID = 8AFE35352B962F27008DA949;
					};
					8AFE354F2B962F29008DA949 = {
						CreatedOnToolsVersion = 15.2;
						TestTargetID = 8AFE35352B962F27008DA949;
					};
				};
			};
			buildConfigurationList = 8AFE35312B962F27008DA949 /* Build configuration list for PBXProject "swift-ui-training" */;
			compatibilityVersion = "Xcode 14.0";
			developmentRegion = en;
			hasScannedForEncodings = 0;
			knownRegions = (
				en,
				Base,
			);
			mainGroup = 8AFE352D2B962F27008DA949;
			productRefGroup = 8AFE35372B962F27008DA949 /* Products */;
			projectDirPath = "";
			projectRoot = "";
			targets = (
				8AFE35352B962F27008DA949 /* swift-ui-training */,
				8AFE35452B962F29008DA949 /* swift-ui-trainingTests */,
				8AFE354F2B962F29008DA949 /* swift-ui-trainingUITests */,
			);
		};
/* End PBXProject section */

/* Begin PBXResourcesBuildPhase section */
		8AFE35342B962F27008DA949 /* Resources */ = {
			isa = PBXResourcesBuildPhase;
			buildActionMask = 2147483647;
			files = (
				8AFE35412B962F29008DA949 /* Preview Assets.xcassets in Resources */,
				8AFE353E2B962F29008DA949 /* Assets.xcassets in Resources */,
			);
			runOnlyForDeploymentPostprocessing = 0;
		};
		8AFE35442B962F29008DA949 /* Resources */ = {
			isa = PBXResourcesBuildPhase;
			buildActionMask = 2147483647;
			files = (
			);
			runOnlyForDeploymentPostprocessing = 0;
		};
		8AFE354E2B962F29008DA949 /* Resources */ = {
			isa = PBXResourcesBuildPhase;
			buildActionMask = 2147483647;
			files = (
			);
			runOnlyForDeploymentPostprocessing = 0;
		};
/* End PBXResourcesBuildPhase section */

/* Begin PBXSourcesBuildPhase section */
		8AFE35322B962F27008DA949 /* Sources */ = {
			isa = PBXSourcesBuildPhase;
			buildActionMask = 2147483647;
			files = (
				8AFE353C2B962F27008DA949 /* ContentView.swift in Sources */,
				8AFE353A2B962F27008DA949 /* swift_ui_trainingApp.swift in Sources */,
			);
			runOnlyForDeploymentPostprocessing = 0;
		};
		8AFE35422B962F29008DA949 /* Sources */ = {
			isa = PBXSourcesBuildPhase;
			buildActionMask = 2147483647;
			files = (
				8AFE354B2B962F29008DA949 /* swift_ui_trainingTests.swift in Sources */,
			);
			runOnlyForDeploymentPostprocessing = 0;
		};
		8AFE354C2B962F29008DA949 /* Sources */ = {
			isa = PBXSourcesBuildPhase;
			buildActionMask = 2147483647;
			files = (
				8AFE35572B962F29008DA949 /* swift_ui_trainingUITestsLaunchTests.swift in Sources */,
				8AFE35552B962F29008DA949 /* swift_ui_trainingUITests.swift in Sources */,
			);
			runOnlyForDeploymentPostprocessing = 0;
		};
/* End PBXSourcesBuildPhase section */

/* Begin PBXTargetDependency section */
		8AFE35482B962F29008DA949 /* PBXTargetDependency */ = {
			isa = PBXTargetDependency;
			target = 8AFE35352B962F27008DA949 /* swift-ui-training */;
			targetProxy = 8AFE35472B962F29008DA949 /* PBXContainerItemProxy */;
		};
		8AFE35522B962F29008DA949 /* PBXTargetDependency */ = {
			isa = PBXTargetDependency;
			target = 8AFE35352B962F27008DA949 /* swift-ui-training */;
			targetProxy = 8AFE35512B962F29008DA949 /* PBXContainerItemProxy */;
		};
/* End PBXTargetDependency section */

/* Begin XCBuildConfiguration section */
		8AFE35582B962F29008DA949 /* Debug */ = {
			isa = XCBuildConfiguration;
			buildSettings = {
				ALWAYS_SEARCH_USER_PATHS = NO;
				ASSETCATALOG_COMPILER_GENERATE_SWIFT_ASSET_SYMBOL_EXTENSIONS = YES;
				CLANG_ANALYZER_NONNULL = YES;
				CLANG_ANALYZER_NUMBER_OBJECT_CONVERSION = YES_AGGRESSIVE;
				CLANG_CXX_LANGUAGE_STANDARD = "gnu++20";
				CLANG_ENABLE_MODULES = YES;
				CLANG_ENABLE_OBJC_ARC = YES;
				CLANG_ENABLE_OBJC_WEAK = YES;
				CLANG_WARN_BLOCK_CAPTURE_AUTORELEASING = YES;
				CLANG_WARN_BOOL_CONVERSION = YES;
				CLANG_WARN_COMMA = YES;
				CLANG_WARN_CONSTANT_CONVERSION = YES;
				CLANG_WARN_DEPRECATED_OBJC_IMPLEMENTATIONS = YES;
				CLANG_WARN_DIRECT_OBJC_ISA_USAGE = YES_ERROR;
				CLANG_WARN_DOCUMENTATION_COMMENTS = YES;
				CLANG_WARN_EMPTY_BODY = YES;
				CLANG_WARN_ENUM_CONVERSION = YES;
				CLANG_WARN_INFINITE_RECURSION = YES;
				CLANG_WARN_INT_CONVERSION = YES;
				CLANG_WARN_NON_LITERAL_NULL_CONVERSION = YES;
				CLANG_WARN_OBJC_IMPLICIT_RETAIN_SELF = YES;
				CLANG_WARN_OBJC_LITERAL_CONVERSION = YES;
				CLANG_WARN_OBJC_ROOT_CLASS = YES_ERROR;
				CLANG_WARN_QUOTED_INCLUDE_IN_FRAMEWORK_HEADER = YES;
				CLANG_WARN_RANGE_LOOP_ANALYSIS = YES;
				CLANG_WARN_STRICT_PROTOTYPES = YES;
				CLANG_WARN_SUSPICIOUS_MOVE = YES;
				CLANG_WARN_UNGUARDED_AVAILABILITY = YES_AGGRESSIVE;
				CLANG_WARN_UNREACHABLE_CODE = YES;
				CLANG_WARN__DUPLICATE_METHOD_MATCH = YES;
				COPY_PHASE_STRIP = NO;
				DEBUG_INFORMATION_FORMAT = dwarf;
				ENABLE_STRICT_OBJC_MSGSEND = YES;
				ENABLE_TESTABILITY = YES;
				ENABLE_USER_SCRIPT_SANDBOXING = YES;
				GCC_C_LANGUAGE_STANDARD = gnu17;
				GCC_DYNAMIC_NO_PIC = NO;
				GCC_NO_COMMON_BLOCKS = YES;
				GCC_OPTIMIZATION_LEVEL = 0;
				GCC_PREPROCESSOR_DEFINITIONS = (
					"DEBUG=1",
					"$(inherited)",
				);
				GCC_WARN_64_TO_32_BIT_CONVERSION = YES;
				GCC_WARN_ABOUT_RETURN_TYPE = YES_ERROR;
				GCC_WARN_UNDECLARED_SELECTOR = YES;
				GCC_WARN_UNINITIALIZED_AUTOS = YES_AGGRESSIVE;
				GCC_WARN_UNUSED_FUNCTION = YES;
				GCC_WARN_UNUSED_VARIABLE = YES;
				IPHONEOS_DEPLOYMENT_TARGET = 17.2;
				LOCALIZATION_PREFERS_STRING_CATALOGS = YES;
				MTL_ENABLE_DEBUG_INFO = INCLUDE_SOURCE;
				MTL_FAST_MATH = YES;
				ONLY_ACTIVE_ARCH = YES;
				SDKROOT = iphoneos;
				SWIFT_ACTIVE_COMPILATION_CONDITIONS = "DEBUG $(inherited)";
				SWIFT_OPTIMIZATION_LEVEL = "-Onone";
			};
			name = Debug;
		};
		8AFE35592B962F29008DA949 /* Release */ = {
			isa = XCBuildConfiguration;
			buildSettings = {
				ALWAYS_SEARCH_USER_PATHS = NO;
				ASSETCATALOG_COMPILER_GENERATE_SWIFT_ASSET_SYMBOL_EXTENSIONS = YES;
				CLANG_ANALYZER_NONNULL = YES;
				CLANG_ANALYZER_NUMBER_OBJECT_CONVERSION = YES_AGGRESSIVE;
				CLANG_CXX_LANGUAGE_STANDARD = "gnu++20";
				CLANG_ENABLE_MODULES = YES;
				CLANG_ENABLE_OBJC_ARC = YES;
				CLANG_ENABLE_OBJC_WEAK = YES;
				CLANG_WARN_BLOCK_CAPTURE_AUTORELEASING = YES;
				CLANG_WARN_BOOL_CONVERSION = YES;
				CLANG_WARN_COMMA = YES;
				CLANG_WARN_CONSTANT_CONVERSION = YES;
				CLANG_WARN_DEPRECATED_OBJC_IMPLEMENTATIONS = YES;
				CLANG_WARN_DIRECT_OBJC_ISA_USAGE = YES_ERROR;
				CLANG_WARN_DOCUMENTATION_COMMENTS = YES;
				CLANG_WARN_EMPTY_BODY = YES;
				CLANG_WARN_ENUM_CONVERSION = YES;
				CLANG_WARN_INFINITE_RECURSION = YES;
				CLANG_WARN_INT_CONVERSION = YES;
				CLANG_WARN_NON_LITERAL_NULL_CONVERSION = YES;
				CLANG_WARN_OBJC_IMPLICIT_RETAIN_SELF = YES;
				CLANG_WARN_OBJC_LITERAL_CONVERSION = YES;
				CLANG_WARN_OBJC_ROOT_CLASS = YES_ERROR;
				CLANG_WARN_QUOTED_INCLUDE_IN_FRAMEWORK_HEADER = YES;
				CLANG_WARN_RANGE_LOOP_ANALYSIS = YES;
				CLANG_WARN_STRICT_PROTOTYPES = YES;
				CLANG_WARN_SUSPICIOUS_MOVE = YES;
				CLANG_WARN_UNGUARDED_AVAILABILITY = YES_AGGRESSIVE;
				CLANG_WARN_UNREACHABLE_CODE = YES;
				CLANG_WARN__DUPLICATE_METHOD_MATCH = YES;
				COPY_PHASE_STRIP = NO;
				DEBUG_INFORMATION_FORMAT = "dwarf-with-dsym";
				ENABLE_NS_ASSERTIONS = NO;
				ENABLE_STRICT_OBJC_MSGSEND = YES;
				ENABLE_USER_SCRIPT_SANDBOXING = YES;
				GCC_C_LANGUAGE_STANDARD = gnu17;
				GCC_NO_COMMON_BLOCKS = YES;
				GCC_WARN_64_TO_32_BIT_CONVERSION = YES;
				GCC_WARN_ABOUT_RETURN_TYPE = YES_ERROR;
				GCC_WARN_UNDECLARED_SELECTOR = YES;
				GCC_WARN_UNINITIALIZED_AUTOS = YES_AGGRESSIVE;
				GCC_WARN_UNUSED_FUNCTION = YES;
				GCC_WARN_UNUSED_VARIABLE = YES;
				IPHONEOS_DEPLOYMENT_TARGET = 17.2;
				LOCALIZATION_PREFERS_STRING_CATALOGS = YES;
				MTL_ENABLE_DEBUG_INFO = NO;
				MTL_FAST_MATH = YES;
				SDKROOT = iphoneos;
				SWIFT_COMPILATION_MODE = wholemodule;
				VALIDATE_PRODUCT = YES;
			};
			name = Release;
		};
		8AFE355B2B962F29008DA949 /* Debug */ = {
			isa = XCBuildConfiguration;
			buildSettings = {
				ASSETCATALOG_COMPILER_APPICON_NAME = AppIcon;
				ASSETCATALOG_COMPILER_GLOBAL_ACCENT_COLOR_NAME = AccentColor;
				CODE_SIGN_STYLE = Automatic;
				CURRENT_PROJECT_VERSION = 1;
				DEVELOPMENT_ASSET_PATHS = "\"swift-ui-training/Preview Content\"";
				ENABLE_PREVIEWS = YES;
				GENERATE_INFOPLIST_FILE = YES;
				INFOPLIST_KEY_UIApplicationSceneManifest_Generation = YES;
				INFOPLIST_KEY_UIApplicationSupportsIndirectInputEvents = YES;
				INFOPLIST_KEY_UILaunchScreen_Generation = YES;
				INFOPLIST_KEY_UISupportedInterfaceOrientations_iPad = "UIInterfaceOrientationPortrait UIInterfaceOrientationPortraitUpsideDown UIInterfaceOrientationLandscapeLeft UIInterfaceOrientationLandscapeRight";
				INFOPLIST_KEY_UISupportedInterfaceOrientations_iPhone = "UIInterfaceOrientationPortrait UIInterfaceOrientationLandscapeLeft UIInterfaceOrientationLandscapeRight";
				LD_RUNPATH_SEARCH_PATHS = (
					"$(inherited)",
					"@executable_path/Frameworks",
				);
				MARKETING_VERSION = 1.0;
				PRODUCT_BUNDLE_IDENTIFIER = "DS.swift-ui-training";
				PRODUCT_NAME = "$(TARGET_NAME)";
				SWIFT_EMIT_LOC_STRINGS = YES;
				SWIFT_VERSION = 5.0;
				TARGETED_DEVICE_FAMILY = "1,2";
			};
			name = Debug;
		};
		8AFE355C2B962F29008DA949 /* Release */ = {
			isa = XCBuildConfiguration;
			buildSettings = {
				ASSETCATALOG_COMPILER_APPICON_NAME = AppIcon;
				ASSETCATALOG_COMPILER_GLOBAL_ACCENT_COLOR_NAME = AccentColor;
				CODE_SIGN_STYLE = Automatic;
				CURRENT_PROJECT_VERSION = 1;
				DEVELOPMENT_ASSET_PATHS = "\"swift-ui-training/Preview Content\"";
				ENABLE_PREVIEWS = YES;
				GENERATE_INFOPLIST_FILE = YES;
				INFOPLIST_KEY_UIApplicationSceneManifest_Generation = YES;
				INFOPLIST_KEY_UIApplicationSupportsIndirectInputEvents = YES;
				INFOPLIST_KEY_UILaunchScreen_Generation = YES;
				INFOPLIST_KEY_UISupportedInterfaceOrientations_iPad = "UIInterfaceOrientationPortrait UIInterfaceOrientationPortraitUpsideDown UIInterfaceOrientationLandscapeLeft UIInterfaceOrientationLandscapeRight";
				INFOPLIST_KEY_UISupportedInterfaceOrientations_iPhone = "UIInterfaceOrientationPortrait UIInterfaceOrientationLandscapeLeft UIInterfaceOrientationLandscapeRight";
				LD_RUNPATH_SEARCH_PATHS = (
					"$(inherited)",
					"@executable_path/Frameworks",
				);
				MARKETING_VERSION = 1.0;
				PRODUCT_BUNDLE_IDENTIFIER = "DS.swift-ui-training";
				PRODUCT_NAME = "$(TARGET_NAME)";
				SWIFT_EMIT_LOC_STRINGS = YES;
				SWIFT_VERSION = 5.0;
				TARGETED_DEVICE_FAMILY = "1,2";
			};
			name = Release;
		};
		8AFE355E2B962F29008DA949 /* Debug */ = {
			isa = XCBuildConfiguration;
			buildSettings = {
				ALWAYS_EMBED_SWIFT_STANDARD_LIBRARIES = YES;
				BUNDLE_LOADER = "$(TEST_HOST)";
				CODE_SIGN_STYLE = Automatic;
				CURRENT_PROJECT_VERSION = 1;
				GENERATE_INFOPLIST_FILE = YES;
				IPHONEOS_DEPLOYMENT_TARGET = 17.2;
				MARKETING_VERSION = 1.0;
				PRODUCT_BUNDLE_IDENTIFIER = "DS.swift-ui-trainingTests";
				PRODUCT_NAME = "$(TARGET_NAME)";
				SWIFT_EMIT_LOC_STRINGS = NO;
				SWIFT_VERSION = 5.0;
				TARGETED_DEVICE_FAMILY = "1,2";
				TEST_HOST = "$(BUILT_PRODUCTS_DIR)/swift-ui-training.app/$(BUNDLE_EXECUTABLE_FOLDER_PATH)/swift-ui-training";
			};
			name = Debug;
		};
		8AFE355F2B962F29008DA949 /* Release */ = {
			isa = XCBuildConfiguration;
			buildSettings = {
				ALWAYS_EMBED_SWIFT_STANDARD_LIBRARIES = YES;
				BUNDLE_LOADER = "$(TEST_HOST)";
				CODE_SIGN_STYLE = Automatic;
				CURRENT_PROJECT_VERSION = 1;
				GENERATE_INFOPLIST_FILE = YES;
				IPHONEOS_DEPLOYMENT_TARGET = 17.2;
				MARKETING_VERSION = 1.0;
				PRODUCT_BUNDLE_IDENTIFIER = "DS.swift-ui-trainingTests";
				PRODUCT_NAME = "$(TARGET_NAME)";
				SWIFT_EMIT_LOC_STRINGS = NO;
				SWIFT_VERSION = 5.0;
				TARGETED_DEVICE_FAMILY = "1,2";
				TEST_HOST = "$(BUILT_PRODUCTS_DIR)/swift-ui-training.app/$(BUNDLE_EXECUTABLE_FOLDER_PATH)/swift-ui-training";
			};
			name = Release;
		};
		8AFE35612B962F29008DA949 /* Debug */ = {
			isa = XCBuildConfiguration;
			buildSettings = {
				ALWAYS_EMBED_SWIFT_STANDARD_LIBRARIES = YES;
				CODE_SIGN_STYLE = Automatic;
				CURRENT_PROJECT_VERSION = 1;
				GENERATE_INFOPLIST_FILE = YES;
				MARKETING_VERSION = 1.0;
				PRODUCT_BUNDLE_IDENTIFIER = "DS.swift-ui-trainingUITests";
				PRODUCT_NAME = "$(TARGET_NAME)";
				SWIFT_EMIT_LOC_STRINGS = NO;
				SWIFT_VERSION = 5.0;
				TARGETED_DEVICE_FAMILY = "1,2";
				TEST_TARGET_NAME = "swift-ui-training";
			};
			name = Debug;
		};
		8AFE35622B962F29008DA949 /* Release */ = {
			isa = XCBuildConfiguration;
			buildSettings = {
				ALWAYS_EMBED_SWIFT_STANDARD_LIBRARIES = YES;
				CODE_SIGN_STYLE = Automatic;
				CURRENT_PROJECT_VERSION = 1;
				GENERATE_INFOPLIST_FILE = YES;
				MARKETING_VERSION = 1.0;
				PRODUCT_BUNDLE_IDENTIFIER = "DS.swift-ui-trainingUITests";
				PRODUCT_NAME = "$(TARGET_NAME)";
				SWIFT_EMIT_LOC_STRINGS = NO;
				SWIFT_VERSION = 5.0;
				TARGETED_DEVICE_FAMILY = "1,2";
				TEST_TARGET_NAME = "swift-ui-training";
			};
			name = Release;
		};
/* End XCBuildConfiguration section */

/* Begin XCConfigurationList section */
		8AFE35312B962F27008DA949 /* Build configuration list for PBXProject "swift-ui-training" */ = {
			isa = XCConfigurationList;
			buildConfigurations = (
				8AFE35582B962F29008DA949 /* Debug */,
				8AFE35592B962F29008DA949 /* Release */,
			);
			defaultConfigurationIsVisible = 0;
			defaultConfigurationName = Release;
		};
		8AFE355A2B962F29008DA949 /* Build configuration list for PBXNativeTarget "swift-ui-training" */ = {
			isa = XCConfigurationList;
			buildConfigurations = (
				8AFE355B2B962F29008DA949 /* Debug */,
				8AFE355C2B962F29008DA949 /* Release */,
			);
			defaultConfigurationIsVisible = 0;
			defaultConfigurationName = Release;
		};
		8AFE355D2B962F29008DA949 /* Build configuration list for PBXNativeTarget "swift-ui-trainingTests" */ = {
			isa = XCConfigurationList;
			buildConfigurations = (
				8AFE355E2B962F29008DA949 /* Debug */,
				8AFE355F2B962F29008DA949 /* Release */,
			);
			defaultConfigurationIsVisible = 0;
			defaultConfigurationName = Release;
		};
		8AFE35602B962F29008DA949 /* Build configuration list for PBXNativeTarget "swift-ui-trainingUITests" */ = {
			isa = XCConfigurationList;
			buildConfigurations = (
				8AFE35612B962F29008DA949 /* Debug */,
				8AFE35622B962F29008DA949 /* Release */,
			);
			defaultConfigurationIsVisible = 0;
			defaultConfigurationName = Release;
		};
/* End XCConfigurationList section */
	};
	rootObject = 8AFE352E2B962F27008DA949 /* Project object */;
}
